// !$*UTF8*$!
{
	archiveVersion = 1;
	classes = {
	};
	objectVersion = 50;
	objects = {

/* Begin PBXBuildFile section */
		B08054DF235981FD000CE04A /* AppDelegate.swift in Sources */ = {isa = PBXBuildFile; fileRef = B08054DE235981FD000CE04A /* AppDelegate.swift */; };
		B08054E1235981FD000CE04A /* SceneDelegate.swift in Sources */ = {isa = PBXBuildFile; fileRef = B08054E0235981FD000CE04A /* SceneDelegate.swift */; };
		B08054E3235981FD000CE04A /* ContentView.swift in Sources */ = {isa = PBXBuildFile; fileRef = B08054E2235981FD000CE04A /* ContentView.swift */; };
		B08054E5235981FE000CE04A /* Assets.xcassets in Resources */ = {isa = PBXBuildFile; fileRef = B08054E4235981FE000CE04A /* Assets.xcassets */; };
		B08054E8235981FE000CE04A /* Preview Assets.xcassets in Resources */ = {isa = PBXBuildFile; fileRef = B08054E7235981FE000CE04A /* Preview Assets.xcassets */; };
		B08054EB235981FE000CE04A /* LaunchScreen.storyboard in Resources */ = {isa = PBXBuildFile; fileRef = B08054E9235981FE000CE04A /* LaunchScreen.storyboard */; };
/* End PBXBuildFile section */

/* Begin PBXFileReference section */
		B08054DB235981FD000CE04A /* CustomViewModifiers.app */ = {isa = PBXFileReference; explicitFileType = wrapper.application; includeInIndex = 0; path = CustomViewModifiers.app; sourceTree = BUILT_PRODUCTS_DIR; };
		B08054DE235981FD000CE04A /* AppDelegate.swift */ = {isa = PBXFileReference; lastKnownFileType = sourcecode.swift; path = AppDelegate.swift; sourceTree = "<group>"; };
		B08054E0235981FD000CE04A /* SceneDelegate.swift */ = {isa = PBXFileReference; lastKnownFileType = sourcecode.swift; path = SceneDelegate.swift; sourceTree = "<group>"; };
		B08054E2235981FD000CE04A /* ContentView.swift */ = {isa = PBXFileReference; lastKnownFileType = sourcecode.swift; path = ContentView.swift; sourceTree = "<group>"; };
		B08054E4235981FE000CE04A /* Assets.xcassets */ = {isa = PBXFileReference; lastKnownFileType = folder.assetcatalog; path = Assets.xcassets; sourceTree = "<group>"; };
		B08054E7235981FE000CE04A /* Preview Assets.xcassets */ = {isa = PBXFileReference; lastKnownFileType = folder.assetcatalog; path = "Preview Assets.xcassets"; sourceTree = "<group>"; };
		B08054EA235981FE000CE04A /* Base */ = {isa = PBXFileReference; lastKnownFileType = file.storyboard; name = Base; path = Base.lproj/LaunchScreen.storyboard; sourceTree = "<group>"; };
		B08054EC235981FE000CE04A /* Info.plist */ = {isa = PBXFileReference; lastKnownFileType = text.plist.xml; path = Info.plist; sourceTree = "<group>"; };
/* End PBXFileReference section */

/* Begin PBXFrameworksBuildPhase section */
		B08054D8235981FD000CE04A /* Frameworks */ = {
			isa = PBXFrameworksBuildPhase;
			buildActionMask = 2147483647;
			files = (
			);
			runOnlyForDeploymentPostprocessing = 0;
		};
/* End PBXFrameworksBuildPhase section */

/* Begin PBXGroup section */
		B08054D2235981FD000CE04A = {
			isa = PBXGroup;
			children = (
				B08054DD235981FD000CE04A /* CustomViewModifiers */,
				B08054DC235981FD000CE04A /* Products */,
			);
			sourceTree = "<group>";
		};
		B08054DC235981FD000CE04A /* Products */ = {
			isa = PBXGroup;
			children = (
				B08054DB235981FD000CE04A /* CustomViewModifiers.app */,
			);
			name = Products;
			sourceTree = "<group>";
		};
		B08054DD235981FD000CE04A /* CustomViewModifiers */ = {
			isa = PBXGroup;
			children = (
				B08054DE235981FD000CE04A /* AppDelegate.swift */,
				B08054E0235981FD000CE04A /* SceneDelegate.swift */,
				B08054E2235981FD000CE04A /* ContentView.swift */,
				B08054E4235981FE000CE04A /* Assets.xcassets */,
				B08054E9235981FE000CE04A /* LaunchScreen.storyboard */,
				B08054EC235981FE000CE04A /* Info.plist */,
				B08054E6235981FE000CE04A /* Preview Content */,
			);
			path = CustomViewModifiers;
			sourceTree = "<group>";
		};
		B08054E6235981FE000CE04A /* Preview Content */ = {
			isa = PBXGroup;
			children = (
				B08054E7235981FE000CE04A /* Preview Assets.xcassets */,
			);
			path = "Preview Content";
			sourceTree = "<group>";
		};
/* End PBXGroup section */

/* Begin PBXNativeTarget section */
		B08054DA235981FD000CE04A /* CustomViewModifiers */ = {
			isa = PBXNativeTarget;
			buildConfigurationList = B08054EF235981FE000CE04A /* Build configuration list for PBXNativeTarget "CustomViewModifiers" */;
			buildPhases = (
				B08054D7235981FD000CE04A /* Sources */,
				B08054D8235981FD000CE04A /* Frameworks */,
				B08054D9235981FD000CE04A /* Resources */,
			);
			buildRules = (
			);
			dependencies = (
			);
			name = CustomViewModifiers;
			productName = CustomViewModifiers;
			productReference = B08054DB235981FD000CE04A /* CustomViewModifiers.app */;
			productType = "com.apple.product-type.application";
		};
/* End PBXNativeTarget section */

/* Begin PBXProject section */
		B08054D3235981FD000CE04A /* Project object */ = {
			isa = PBXProject;
			attributes = {
				LastSwiftUpdateCheck = 1100;
				LastUpgradeCheck = 1100;
				ORGANIZATIONNAME = LeftRightMind;
				TargetAttributes = {
					B08054DA235981FD000CE04A = {
						CreatedOnToolsVersion = 11.0;
					};
				};
			};
			buildConfigurationList = B08054D6235981FD000CE04A /* Build configuration list for PBXProject "CustomViewModifiers" */;
			compatibilityVersion = "Xcode 9.3";
			developmentRegion = en;
			hasScannedForEncodings = 0;
			knownRegions = (
				en,
				Base,
			);
			mainGroup = B08054D2235981FD000CE04A;
			productRefGroup = B08054DC235981FD000CE04A /* Products */;
			projectDirPath = "";
			projectRoot = "";
			targets = (
				B08054DA235981FD000CE04A /* CustomViewModifiers */,
			);
		};
/* End PBXProject section */

/* Begin PBXResourcesBuildPhase section */
		B08054D9235981FD000CE04A /* Resources */ = {
			isa = PBXResourcesBuildPhase;
			buildActionMask = 2147483647;
			files = (
				B08054EB235981FE000CE04A /* LaunchScreen.storyboard in Resources */,
				B08054E8235981FE000CE04A /* Preview Assets.xcassets in Resources */,
				B08054E5235981FE000CE04A /* Assets.xcassets in Resources */,
			);
			runOnlyForDeploymentPostprocessing = 0;
		};
/* End PBXResourcesBuildPhase section */

/* Begin PBXSourcesBuildPhase section */
		B08054D7235981FD000CE04A /* Sources */ = {
			isa = PBXSourcesBuildPhase;
			buildActionMask = 2147483647;
			files = (
				B08054DF235981FD000CE04A /* AppDelegate.swift in Sources */,
				B08054E1235981FD000CE04A /* SceneDelegate.swift in Sources */,
				B08054E3235981FD000CE04A /* ContentView.swift in Sources */,
			);
			runOnlyForDeploymentPostprocessing = 0;
		};
/* End PBXSourcesBuildPhase section */

/* Begin PBXVariantGroup section */
		B08054E9235981FE000CE04A /* LaunchScreen.storyboard */ = {
			isa = PBXVariantGroup;
			children = (
				B08054EA235981FE000CE04A /* Base */,
			);
			name = LaunchScreen.storyboard;
			sourceTree = "<group>";
		};
/* End PBXVariantGroup section */

/* Begin XCBuildConfiguration section */
		B08054ED235981FE000CE04A /* Debug */ = {
			isa = XCBuildConfiguration;
			buildSettings = {
				ALWAYS_SEARCH_USER_PATHS = NO;
				CLANG_ANALYZER_NONNULL = YES;
				CLANG_ANALYZER_NUMBER_OBJECT_CONVERSION = YES_AGGRESSIVE;
				CLANG_CXX_LANGUAGE_STANDARD = "gnu++14";
				CLANG_CXX_LIBRARY = "libc++";
				CLANG_ENABLE_MODULES = YES;
				CLANG_ENABLE_OBJC_ARC = YES;
				CLANG_ENABLE_OBJC_WEAK = YES;
				CLANG_WARN_BLOCK_CAPTURE_AUTORELEASING = YES;
				CLANG_WARN_BOOL_CONVERSION = YES;
				CLANG_WARN_COMMA = YES;
				CLANG_WARN_CONSTANT_CONVERSION = YES;
				CLANG_WARN_DEPRECATED_OBJC_IMPLEMENTATIONS = YES;
				CLANG_WARN_DIRECT_OBJC_ISA_USAGE = YES_ERROR;
				CLANG_WARN_DOCUMENTATION_COMMENTS = YES;
				CLANG_WARN_EMPTY_BODY = YES;
				CLANG_WARN_ENUM_CONVERSION = YES;
				CLANG_WARN_INFINITE_RECURSION = YES;
				CLANG_WARN_INT_CONVERSION = YES;
				CLANG_WARN_NON_LITERAL_NULL_CONVERSION = YES;
				CLANG_WARN_OBJC_IMPLICIT_RETAIN_SELF = YES;
				CLANG_WARN_OBJC_LITERAL_CONVERSION = YES;
				CLANG_WARN_OBJC_ROOT_CLASS = YES_ERROR;
				CLANG_WARN_RANGE_LOOP_ANALYSIS = YES;
				CLANG_WARN_STRICT_PROTOTYPES = YES;
				CLANG_WARN_SUSPICIOUS_MOVE = YES;
				CLANG_WARN_UNGUARDED_AVAILABILITY = YES_AGGRESSIVE;
				CLANG_WARN_UNREACHABLE_CODE = YES;
				CLANG_WARN__DUPLICATE_METHOD_MATCH = YES;
				COPY_PHASE_STRIP = NO;
				DEBUG_INFORMATION_FORMAT = dwarf;
				ENABLE_STRICT_OBJC_MSGSEND = YES;
				ENABLE_TESTABILITY = YES;
				GCC_C_LANGUAGE_STANDARD = gnu11;
				GCC_DYNAMIC_NO_PIC = NO;
				GCC_NO_COMMON_BLOCKS = YES;
				GCC_OPTIMIZATION_LEVEL = 0;
				GCC_PREPROCESSOR_DEFINITIONS = (
					"DEBUG=1",
					"$(inherited)",
				);
				GCC_WARN_64_TO_32_BIT_CONVERSION = YES;
				GCC_WARN_ABOUT_RETURN_TYPE = YES_ERROR;
				GCC_WARN_UNDECLARED_SELECTOR = YES;
				GCC_WARN_UNINITIALIZED_AUTOS = YES_AGGRESSIVE;
				GCC_WARN_UNUSED_FUNCTION = YES;
				GCC_WARN_UNUSED_VARIABLE = YES;
				IPHONEOS_DEPLOYMENT_TARGET = 13.0;
				MTL_ENABLE_DEBUG_INFO = INCLUDE_SOURCE;
				MTL_FAST_MATH = YES;
				ONLY_ACTIVE_ARCH = YES;
				SDKROOT = iphoneos;
				SWIFT_ACTIVE_COMPILATION_CONDITIONS = DEBUG;
				SWIFT_OPTIMIZATION_LEVEL = "-Onone";
			};
			name = Debug;
		};
		B08054EE235981FE000CE04A /* Release */ = {
			isa = XCBuildConfiguration;
			buildSettings = {
				ALWAYS_SEARCH_USER_PATHS = NO;
				CLANG_ANALYZER_NONNULL = YES;
				CLANG_ANALYZER_NUMBER_OBJECT_CONVERSION = YES_AGGRESSIVE;
				CLANG_CXX_LANGUAGE_STANDARD = "gnu++14";
				CLANG_CXX_LIBRARY = "libc++";
				CLANG_ENABLE_MODULES = YES;
				CLANG_ENABLE_OBJC_ARC = YES;
				CLANG_ENABLE_OBJC_WEAK = YES;
				CLANG_WARN_BLOCK_CAPTURE_AUTORELEASING = YES;
				CLANG_WARN_BOOL_CONVERSION = YES;
				CLANG_WARN_COMMA = YES;
				CLANG_WARN_CONSTANT_CONVERSION = YES;
				CLANG_WARN_DEPRECATED_OBJC_IMPLEMENTATIONS = YES;
				CLANG_WARN_DIRECT_OBJC_ISA_USAGE = YES_ERROR;
				CLANG_WARN_DOCUMENTATION_COMMENTS = YES;
				CLANG_WARN_EMPTY_BODY = YES;
				CLANG_WARN_ENUM_CONVERSION = YES;
				CLANG_WARN_INFINITE_RECURSION = YES;
				CLANG_WARN_INT_CONVERSION = YES;
				CLANG_WARN_NON_LITERAL_NULL_CONVERSION = YES;
				CLANG_WARN_OBJC_IMPLICIT_RETAIN_SELF = YES;
				CLANG_WARN_OBJC_LITERAL_CONVERSION = YES;
				CLANG_WARN_OBJC_ROOT_CLASS = YES_ERROR;
				CLANG_WARN_RANGE_LOOP_ANALYSIS = YES;
				CLANG_WARN_STRICT_PROTOTYPES = YES;
				CLANG_WARN_SUSPICIOUS_MOVE = YES;
				CLANG_WARN_UNGUARDED_AVAILABILITY = YES_AGGRESSIVE;
				CLANG_WARN_UNREACHABLE_CODE = YES;
				CLANG_WARN__DUPLICATE_METHOD_MATCH = YES;
				COPY_PHASE_STRIP = NO;
				DEBUG_INFORMATION_FORMAT = "dwarf-with-dsym";
				ENABLE_NS_ASSERTIONS = NO;
				ENABLE_STRICT_OBJC_MSGSEND = YES;
				GCC_C_LANGUAGE_STANDARD = gnu11;
				GCC_NO_COMMON_BLOCKS = YES;
				GCC_WARN_64_TO_32_BIT_CONVERSION = YES;
				GCC_WARN_ABOUT_RETURN_TYPE = YES_ERROR;
				GCC_WARN_UNDECLARED_SELECTOR = YES;
				GCC_WARN_UNINITIALIZED_AUTOS = YES_AGGRESSIVE;
				GCC_WARN_UNUSED_FUNCTION = YES;
				GCC_WARN_UNUSED_VARIABLE = YES;
				IPHONEOS_DEPLOYMENT_TARGET = 13.0;
				MTL_ENABLE_DEBUG_INFO = NO;
				MTL_FAST_MATH = YES;
				SDKROOT = iphoneos;
				SWIFT_COMPILATION_MODE = wholemodule;
				SWIFT_OPTIMIZATION_LEVEL = "-O";
				VALIDATE_PRODUCT = YES;
			};
			name = Release;
		};
		B08054F0235981FE000CE04A /* Debug */ = {
			isa = XCBuildConfiguration;
			buildSettings = {
				ASSETCATALOG_COMPILER_APPICON_NAME = AppIcon;
				CODE_SIGN_STYLE = Automatic;
				DEVELOPMENT_ASSET_PATHS = "\"CustomViewModifiers/Preview Content\"";
				DEVELOPMENT_TEAM = H28X75MLUY;
				ENABLE_PREVIEWS = YES;
				INFOPLIST_FILE = CustomViewModifiers/Info.plist;
				LD_RUNPATH_SEARCH_PATHS = (
					"$(inherited)",
					"@executable_path/Frameworks",
				);
				PRODUCT_BUNDLE_IDENTIFIER = "com.-LeftRightMind.CustomViewModifiers";
				PRODUCT_NAME = "$(TARGET_NAME)";
				SWIFT_VERSION = 5.0;
				TARGETED_DEVICE_FAMILY = "1,2";
			};
			name = Debug;
		};
		B08054F1235981FE000CE04A /* Release */ = {
			isa = XCBuildConfiguration;
			buildSettings = {
				ASSETCATALOG_COMPILER_APPICON_NAME = AppIcon;
				CODE_SIGN_STYLE = Automatic;
				DEVELOPMENT_ASSET_PATHS = "\"CustomViewModifiers/Preview Content\"";
				DEVELOPMENT_TEAM = H28X75MLUY;
				ENABLE_PREVIEWS = YES;
				INFOPLIST_FILE = CustomViewModifiers/Info.plist;
				LD_RUNPATH_SEARCH_PATHS = (
					"$(inherited)",
					"@executable_path/Frameworks",
				);
				PRODUCT_BUNDLE_IDENTIFIER = "com.-LeftRightMind.CustomViewModifiers";
				PRODUCT_NAME = "$(TARGET_NAME)";
				SWIFT_VERSION = 5.0;
				TARGETED_DEVICE_FAMILY = "1,2";
			};
			name = Release;
		};
/* End XCBuildConfiguration section */

/* Begin XCConfigurationList section */
		B08054D6235981FD000CE04A /* Build configuration list for PBXProject "CustomViewModifiers" */ = {
			isa = XCConfigurationList;
			buildConfigurations = (
				B08054ED235981FE000CE04A /* Debug */,
				B08054EE235981FE000CE04A /* Release */,
			);
			defaultConfigurationIsVisible = 0;
			defaultConfigurationName = Release;
		};
		B08054EF235981FE000CE04A /* Build configuration list for PBXNativeTarget "CustomViewModifiers" */ = {
			isa = XCConfigurationList;
			buildConfigurations = (
				B08054F0235981FE000CE04A /* Debug */,
				B08054F1235981FE000CE04A /* Release */,
			);
			defaultConfigurationIsVisible = 0;
			defaultConfigurationName = Release;
		};
/* End XCConfigurationList section */
	};
	rootObject = B08054D3235981FD000CE04A /* Project object */;
}
